
Microsoft Visual Studio Solution File, Format Version 12.00
# Visual Studio Version 17
VisualStudioVersion = 17.0.31903.59
MinimumVisualStudioVersion = 10.0.40219.1
Project("{9A19103F-16F7-4668-BE54-9A1E7A4F7556}") = "Bravi.DesafioBrackets", "bravi.desafio-brackets\Bravi.DesafioBrackets.csproj", "{EE151CC9-F69B-4D28-A55B-194E486BA72A}"
EndProject
Project("{9A19103F-16F7-4668-BE54-9A1E7A4F7556}") = "Bravi.DesafioBrackets.Tests", "bravi.desafio-brackets.tests\Bravi.DesafioBrackets.Tests.csproj", "{7C22B208-7B6E-4995-AA04-6EB30CB9CC51}"
EndProject
Global
	GlobalSection(SolutionConfigurationPlatforms) = preSolution
		Debug|Any CPU = Debug|Any CPU
		Release|Any CPU = Release|Any CPU
	EndGlobalSection
	GlobalSection(ProjectConfigurationPlatforms) = postSolution
		{EE151CC9-F69B-4D28-A55B-194E486BA72A}.Debug|Any CPU.ActiveCfg = Debug|Any CPU
		{EE151CC9-F69B-4D28-A55B-194E486BA72A}.Debug|Any CPU.Build.0 = Debug|Any CPU
		{EE151CC9-F69B-4D28-A55B-194E486BA72A}.Release|Any CPU.ActiveCfg = Release|Any CPU
		{EE151CC9-F69B-4D28-A55B-194E486BA72A}.Release|Any CPU.Build.0 = Release|Any CPU
		{7C22B208-7B6E-4995-AA04-6EB30CB9CC51}.Debug|Any CPU.ActiveCfg = Debug|Any CPU
		{7C22B208-7B6E-4995-AA04-6EB30CB9CC51}.Debug|Any CPU.Build.0 = Debug|Any CPU
		{7C22B208-7B6E-4995-AA04-6EB30CB9CC51}.Release|Any CPU.ActiveCfg = Release|Any CPU
		{7C22B208-7B6E-4995-AA04-6EB30CB9CC51}.Release|Any CPU.Build.0 = Release|Any CPU
	EndGlobalSection
	GlobalSection(SolutionProperties) = preSolution
		HideSolutionNode = FALSE
	EndGlobalSection
EndGlobal
